
Microsoft Visual Studio Solution File, Format Version 12.00
# Visual Studio 2012
Project("{FAE04EC0-301F-11D3-BF4B-00C04F79EFBC}") = "BigServer", "BigServer\BigServer.csproj", "{C6CBD22B-FD3E-4B31-B065-F966CF9B11BE}"
EndProject
Global
	GlobalSection(SolutionConfigurationPlatforms) = preSolution
		Debug|Any CPU = Debug|Any CPU
		Release|Any CPU = Release|Any CPU
	EndGlobalSection
	GlobalSection(ProjectConfigurationPlatforms) = postSolution
		{C6CBD22B-FD3E-4B31-B065-F966CF9B11BE}.Debug|Any CPU.ActiveCfg = Debug|Any CPU
		{C6CBD22B-FD3E-4B31-B065-F966CF9B11BE}.Debug|Any CPU.Build.0 = Debug|Any CPU
		{C6CBD22B-FD3E-4B31-B065-F966CF9B11BE}.Release|Any CPU.ActiveCfg = Release|Any CPU
		{C6CBD22B-FD3E-4B31-B065-F966CF9B11BE}.Release|Any CPU.Build.0 = Release|Any CPU
	EndGlobalSection
	GlobalSection(SolutionProperties) = preSolution
		HideSolutionNode = FALSE
	EndGlobalSection
EndGlobal
